// !$*UTF8*$!
{
	archiveVersion = 1;
	classes = {
	};
	objectVersion = 46;
	objects = {

/* Begin PBXBuildFile section */
		82814A751A94B50600699DEC /* ContactInfo.swift in Sources */ = {isa = PBXBuildFile; fileRef = 82814A741A94B50600699DEC /* ContactInfo.swift */; };
		82814A771A9569F500699DEC /* Group.swift in Sources */ = {isa = PBXBuildFile; fileRef = 82814A761A9569F500699DEC /* Group.swift */; };
		82814A791A95881C00699DEC /* CreateGroupViewController.swift in Sources */ = {isa = PBXBuildFile; fileRef = 82814A781A95881C00699DEC /* CreateGroupViewController.swift */; };
		82B302601A8D9A9700832E7E /* AppDelegate.swift in Sources */ = {isa = PBXBuildFile; fileRef = 82B3025F1A8D9A9700832E7E /* AppDelegate.swift */; };
		82B302631A8D9A9700832E7E /* tabs.xcdatamodeld in Sources */ = {isa = PBXBuildFile; fileRef = 82B302611A8D9A9700832E7E /* tabs.xcdatamodeld */; };
		82B3026A1A8D9A9700832E7E /* Images.xcassets in Resources */ = {isa = PBXBuildFile; fileRef = 82B302691A8D9A9700832E7E /* Images.xcassets */; };
		82B3026D1A8D9A9700832E7E /* LaunchScreen.xib in Resources */ = {isa = PBXBuildFile; fileRef = 82B3026B1A8D9A9700832E7E /* LaunchScreen.xib */; };
		82B302791A8D9A9700832E7E /* tabsTests.swift in Sources */ = {isa = PBXBuildFile; fileRef = 82B302781A8D9A9700832E7E /* tabsTests.swift */; };
		82B302871A8E22BF00832E7E /* Main.storyboard in Resources */ = {isa = PBXBuildFile; fileRef = 82B302861A8E22BF00832E7E /* Main.storyboard */; };
		82B302891A8FEF3E00832E7E /* Contact.swift in Sources */ = {isa = PBXBuildFile; fileRef = 82B302881A8FEF3E00832E7E /* Contact.swift */; };
		82B3028B1A900FC500832E7E /* ContactListCell.swift in Sources */ = {isa = PBXBuildFile; fileRef = 82B3028A1A900FC500832E7E /* ContactListCell.swift */; };
		82B48B3B1A918CD700E07C35 /* ContactViewController.swift in Sources */ = {isa = PBXBuildFile; fileRef = 82B48B3A1A918CD700E07C35 /* ContactViewController.swift */; };
/* End PBXBuildFile section */

/* Begin PBXContainerItemProxy section */
		82B302731A8D9A9700832E7E /* PBXContainerItemProxy */ = {
			isa = PBXContainerItemProxy;
			containerPortal = 82B302521A8D9A9700832E7E /* Project object */;
			proxyType = 1;
			remoteGlobalIDString = 82B302591A8D9A9700832E7E;
			remoteInfo = tabs;
		};
/* End PBXContainerItemProxy section */

/* Begin PBXFileReference section */
		82814A741A94B50600699DEC /* ContactInfo.swift */ = {isa = PBXFileReference; fileEncoding = 4; lastKnownFileType = sourcecode.swift; path = ContactInfo.swift; sourceTree = "<group>"; };
		82814A761A9569F500699DEC /* Group.swift */ = {isa = PBXFileReference; fileEncoding = 4; lastKnownFileType = sourcecode.swift; path = Group.swift; sourceTree = "<group>"; };
		82814A781A95881C00699DEC /* CreateGroupViewController.swift */ = {isa = PBXFileReference; fileEncoding = 4; lastKnownFileType = sourcecode.swift; path = CreateGroupViewController.swift; sourceTree = "<group>"; };
		82B3025A1A8D9A9700832E7E /* tabs.app */ = {isa = PBXFileReference; explicitFileType = wrapper.application; includeInIndex = 0; path = tabs.app; sourceTree = BUILT_PRODUCTS_DIR; };
		82B3025E1A8D9A9700832E7E /* Info.plist */ = {isa = PBXFileReference; lastKnownFileType = text.plist.xml; path = Info.plist; sourceTree = "<group>"; };
		82B3025F1A8D9A9700832E7E /* AppDelegate.swift */ = {isa = PBXFileReference; lastKnownFileType = sourcecode.swift; path = AppDelegate.swift; sourceTree = "<group>"; };
		82B302621A8D9A9700832E7E /* tabs.xcdatamodel */ = {isa = PBXFileReference; lastKnownFileType = wrapper.xcdatamodel; path = tabs.xcdatamodel; sourceTree = "<group>"; };
		82B302691A8D9A9700832E7E /* Images.xcassets */ = {isa = PBXFileReference; lastKnownFileType = folder.assetcatalog; path = Images.xcassets; sourceTree = "<group>"; };
		82B3026C1A8D9A9700832E7E /* Base */ = {isa = PBXFileReference; lastKnownFileType = file.xib; name = Base; path = Base.lproj/LaunchScreen.xib; sourceTree = "<group>"; };
		82B302721A8D9A9700832E7E /* tabsTests.xctest */ = {isa = PBXFileReference; explicitFileType = wrapper.cfbundle; includeInIndex = 0; path = tabsTests.xctest; sourceTree = BUILT_PRODUCTS_DIR; };
		82B302771A8D9A9700832E7E /* Info.plist */ = {isa = PBXFileReference; lastKnownFileType = text.plist.xml; path = Info.plist; sourceTree = "<group>"; };
		82B302781A8D9A9700832E7E /* tabsTests.swift */ = {isa = PBXFileReference; lastKnownFileType = sourcecode.swift; path = tabsTests.swift; sourceTree = "<group>"; };
		82B302861A8E22BF00832E7E /* Main.storyboard */ = {isa = PBXFileReference; fileEncoding = 4; lastKnownFileType = file.storyboard; name = Main.storyboard; path = Base.lproj/Main.storyboard; sourceTree = "<group>"; };
		82B302881A8FEF3E00832E7E /* Contact.swift */ = {isa = PBXFileReference; fileEncoding = 4; lastKnownFileType = sourcecode.swift; path = Contact.swift; sourceTree = "<group>"; };
		82B3028A1A900FC500832E7E /* ContactListCell.swift */ = {isa = PBXFileReference; fileEncoding = 4; lastKnownFileType = sourcecode.swift; path = ContactListCell.swift; sourceTree = "<group>"; };
		82B48B3A1A918CD700E07C35 /* ContactViewController.swift */ = {isa = PBXFileReference; fileEncoding = 4; lastKnownFileType = sourcecode.swift; path = ContactViewController.swift; sourceTree = "<group>"; };
/* End PBXFileReference section */

/* Begin PBXFrameworksBuildPhase section */
		82B302571A8D9A9700832E7E /* Frameworks */ = {
			isa = PBXFrameworksBuildPhase;
			buildActionMask = 2147483647;
			files = (
			);
			runOnlyForDeploymentPostprocessing = 0;
		};
		82B3026F1A8D9A9700832E7E /* Frameworks */ = {
			isa = PBXFrameworksBuildPhase;
			buildActionMask = 2147483647;
			files = (
			);
			runOnlyForDeploymentPostprocessing = 0;
		};
/* End PBXFrameworksBuildPhase section */

/* Begin PBXGroup section */
		82B302511A8D9A9700832E7E = {
			isa = PBXGroup;
			children = (
				82B3025C1A8D9A9700832E7E /* tabs */,
				82B302751A8D9A9700832E7E /* tabsTests */,
				82B3025B1A8D9A9700832E7E /* Products */,
			);
			sourceTree = "<group>";
		};
		82B3025B1A8D9A9700832E7E /* Products */ = {
			isa = PBXGroup;
			children = (
				82B3025A1A8D9A9700832E7E /* tabs.app */,
				82B302721A8D9A9700832E7E /* tabsTests.xctest */,
			);
			name = Products;
			sourceTree = "<group>";
		};
		82B3025C1A8D9A9700832E7E /* tabs */ = {
			isa = PBXGroup;
			children = (
				82B302861A8E22BF00832E7E /* Main.storyboard */,
				82B3025F1A8D9A9700832E7E /* AppDelegate.swift */,
				82B3028A1A900FC500832E7E /* ContactListCell.swift */,
				82B302881A8FEF3E00832E7E /* Contact.swift */,
				82B302691A8D9A9700832E7E /* Images.xcassets */,
				82B3026B1A8D9A9700832E7E /* LaunchScreen.xib */,
				82B302611A8D9A9700832E7E /* tabs.xcdatamodeld */,
				82B3025D1A8D9A9700832E7E /* Supporting Files */,
				82B48B3A1A918CD700E07C35 /* ContactViewController.swift */,
				82814A741A94B50600699DEC /* ContactInfo.swift */,
				82814A761A9569F500699DEC /* Group.swift */,
				82814A781A95881C00699DEC /* CreateGroupViewController.swift */,
			);
			path = tabs;
			sourceTree = "<group>";
		};
		82B3025D1A8D9A9700832E7E /* Supporting Files */ = {
			isa = PBXGroup;
			children = (
				82B3025E1A8D9A9700832E7E /* Info.plist */,
			);
			name = "Supporting Files";
			sourceTree = "<group>";
		};
		82B302751A8D9A9700832E7E /* tabsTests */ = {
			isa = PBXGroup;
			children = (
				82B302781A8D9A9700832E7E /* tabsTests.swift */,
				82B302761A8D9A9700832E7E /* Supporting Files */,
			);
			path = tabsTests;
			sourceTree = "<group>";
		};
		82B302761A8D9A9700832E7E /* Supporting Files */ = {
			isa = PBXGroup;
			children = (
				82B302771A8D9A9700832E7E /* Info.plist */,
			);
			name = "Supporting Files";
			sourceTree = "<group>";
		};
/* End PBXGroup section */

/* Begin PBXNativeTarget section */
		82B302591A8D9A9700832E7E /* tabs */ = {
			isa = PBXNativeTarget;
			buildConfigurationList = 82B3027C1A8D9A9700832E7E /* Build configuration list for PBXNativeTarget "tabs" */;
			buildPhases = (
				82B302561A8D9A9700832E7E /* Sources */,
				82B302571A8D9A9700832E7E /* Frameworks */,
				82B302581A8D9A9700832E7E /* Resources */,
			);
			buildRules = (
			);
			dependencies = (
			);
			name = tabs;
			productName = tabs;
			productReference = 82B3025A1A8D9A9700832E7E /* tabs.app */;
			productType = "com.apple.product-type.application";
		};
		82B302711A8D9A9700832E7E /* tabsTests */ = {
			isa = PBXNativeTarget;
			buildConfigurationList = 82B3027F1A8D9A9700832E7E /* Build configuration list for PBXNativeTarget "tabsTests" */;
			buildPhases = (
				82B3026E1A8D9A9700832E7E /* Sources */,
				82B3026F1A8D9A9700832E7E /* Frameworks */,
				82B302701A8D9A9700832E7E /* Resources */,
			);
			buildRules = (
			);
			dependencies = (
				82B302741A8D9A9700832E7E /* PBXTargetDependency */,
			);
			name = tabsTests;
			productName = tabsTests;
			productReference = 82B302721A8D9A9700832E7E /* tabsTests.xctest */;
			productType = "com.apple.product-type.bundle.unit-test";
		};
/* End PBXNativeTarget section */

/* Begin PBXProject section */
		82B302521A8D9A9700832E7E /* Project object */ = {
			isa = PBXProject;
			attributes = {
				LastUpgradeCheck = 0610;
				ORGANIZATIONNAME = PlattypusLabs;
				TargetAttributes = {
					82B302591A8D9A9700832E7E = {
						CreatedOnToolsVersion = 6.1.1;
					};
					82B302711A8D9A9700832E7E = {
						CreatedOnToolsVersion = 6.1.1;
						TestTargetID = 82B302591A8D9A9700832E7E;
					};
				};
			};
			buildConfigurationList = 82B302551A8D9A9700832E7E /* Build configuration list for PBXProject "tabs" */;
			compatibilityVersion = "Xcode 3.2";
			developmentRegion = English;
			hasScannedForEncodings = 0;
			knownRegions = (
				en,
				Base,
			);
			mainGroup = 82B302511A8D9A9700832E7E;
			productRefGroup = 82B3025B1A8D9A9700832E7E /* Products */;
			projectDirPath = "";
			projectRoot = "";
			targets = (
				82B302591A8D9A9700832E7E /* tabs */,
				82B302711A8D9A9700832E7E /* tabsTests */,
			);
		};
/* End PBXProject section */

/* Begin PBXResourcesBuildPhase section */
		82B302581A8D9A9700832E7E /* Resources */ = {
			isa = PBXResourcesBuildPhase;
			buildActionMask = 2147483647;
			files = (
				82B3026D1A8D9A9700832E7E /* LaunchScreen.xib in Resources */,
				82B3026A1A8D9A9700832E7E /* Images.xcassets in Resources */,
				82B302871A8E22BF00832E7E /* Main.storyboard in Resources */,
			);
			runOnlyForDeploymentPostprocessing = 0;
		};
		82B302701A8D9A9700832E7E /* Resources */ = {
			isa = PBXResourcesBuildPhase;
			buildActionMask = 2147483647;
			files = (
			);
			runOnlyForDeploymentPostprocessing = 0;
		};
/* End PBXResourcesBuildPhase section */

/* Begin PBXSourcesBuildPhase section */
		82B302561A8D9A9700832E7E /* Sources */ = {
			isa = PBXSourcesBuildPhase;
			buildActionMask = 2147483647;
			files = (
				82814A771A9569F500699DEC /* Group.swift in Sources */,
				82B302891A8FEF3E00832E7E /* Contact.swift in Sources */,
				82814A791A95881C00699DEC /* CreateGroupViewController.swift in Sources */,
				82B48B3B1A918CD700E07C35 /* ContactViewController.swift in Sources */,
				82B3028B1A900FC500832E7E /* ContactListCell.swift in Sources */,
				82814A751A94B50600699DEC /* ContactInfo.swift in Sources */,
				82B302601A8D9A9700832E7E /* AppDelegate.swift in Sources */,
				82B302631A8D9A9700832E7E /* tabs.xcdatamodeld in Sources */,
			);
			runOnlyForDeploymentPostprocessing = 0;
		};
		82B3026E1A8D9A9700832E7E /* Sources */ = {
			isa = PBXSourcesBuildPhase;
			buildActionMask = 2147483647;
			files = (
				82B302791A8D9A9700832E7E /* tabsTests.swift in Sources */,
			);
			runOnlyForDeploymentPostprocessing = 0;
		};
/* End PBXSourcesBuildPhase section */

/* Begin PBXTargetDependency section */
		82B302741A8D9A9700832E7E /* PBXTargetDependency */ = {
			isa = PBXTargetDependency;
			target = 82B302591A8D9A9700832E7E /* tabs */;
			targetProxy = 82B302731A8D9A9700832E7E /* PBXContainerItemProxy */;
		};
/* End PBXTargetDependency section */

/* Begin PBXVariantGroup section */
		82B3026B1A8D9A9700832E7E /* LaunchScreen.xib */ = {
			isa = PBXVariantGroup;
			children = (
				82B3026C1A8D9A9700832E7E /* Base */,
			);
			name = LaunchScreen.xib;
			sourceTree = "<group>";
		};
/* End PBXVariantGroup section */

/* Begin XCBuildConfiguration section */
		82B3027A1A8D9A9700832E7E /* Debug */ = {
			isa = XCBuildConfiguration;
			buildSettings = {
				ALWAYS_SEARCH_USER_PATHS = NO;
				CLANG_CXX_LANGUAGE_STANDARD = "gnu++0x";
				CLANG_CXX_LIBRARY = "libc++";
				CLANG_ENABLE_MODULES = YES;
				CLANG_ENABLE_OBJC_ARC = YES;
				CLANG_WARN_BOOL_CONVERSION = YES;
				CLANG_WARN_CONSTANT_CONVERSION = YES;
				CLANG_WARN_DIRECT_OBJC_ISA_USAGE = YES_ERROR;
				CLANG_WARN_EMPTY_BODY = YES;
				CLANG_WARN_ENUM_CONVERSION = YES;
				CLANG_WARN_INT_CONVERSION = YES;
				CLANG_WARN_OBJC_ROOT_CLASS = YES_ERROR;
				CLANG_WARN_UNREACHABLE_CODE = YES;
				CLANG_WARN__DUPLICATE_METHOD_MATCH = YES;
				"CODE_SIGN_IDENTITY[sdk=iphoneos*]" = "iPhone Developer";
				COPY_PHASE_STRIP = NO;
				ENABLE_STRICT_OBJC_MSGSEND = YES;
				GCC_C_LANGUAGE_STANDARD = gnu99;
				GCC_DYNAMIC_NO_PIC = NO;
				GCC_OPTIMIZATION_LEVEL = 0;
				GCC_PREPROCESSOR_DEFINITIONS = (
					"DEBUG=1",
					"$(inherited)",
				);
				GCC_SYMBOLS_PRIVATE_EXTERN = NO;
				GCC_WARN_64_TO_32_BIT_CONVERSION = YES;
				GCC_WARN_ABOUT_RETURN_TYPE = YES_ERROR;
				GCC_WARN_UNDECLARED_SELECTOR = YES;
				GCC_WARN_UNINITIALIZED_AUTOS = YES_AGGRESSIVE;
				GCC_WARN_UNUSED_FUNCTION = YES;
				GCC_WARN_UNUSED_VARIABLE = YES;
				IPHONEOS_DEPLOYMENT_TARGET = 8.1;
				MTL_ENABLE_DEBUG_INFO = YES;
				ONLY_ACTIVE_ARCH = YES;
				SDKROOT = iphoneos;
				SWIFT_OPTIMIZATION_LEVEL = "-Onone";
			};
			name = Debug;
		};
		82B3027B1A8D9A9700832E7E /* Release */ = {
			isa = XCBuildConfiguration;
			buildSettings = {
				ALWAYS_SEARCH_USER_PATHS = NO;
				CLANG_CXX_LANGUAGE_STANDARD = "gnu++0x";
				CLANG_CXX_LIBRARY = "libc++";
				CLANG_ENABLE_MODULES = YES;
				CLANG_ENABLE_OBJC_ARC = YES;
				CLANG_WARN_BOOL_CONVERSION = YES;
				CLANG_WARN_CONSTANT_CONVERSION = YES;
				CLANG_WARN_DIRECT_OBJC_ISA_USAGE = YES_ERROR;
				CLANG_WARN_EMPTY_BODY = YES;
				CLANG_WARN_ENUM_CONVERSION = YES;
				CLANG_WARN_INT_CONVERSION = YES;
				CLANG_WARN_OBJC_ROOT_CLASS = YES_ERROR;
				CLANG_WARN_UNREACHABLE_CODE = YES;
				CLANG_WARN__DUPLICATE_METHOD_MATCH = YES;
				"CODE_SIGN_IDENTITY[sdk=iphoneos*]" = "iPhone Developer";
				COPY_PHASE_STRIP = YES;
				ENABLE_NS_ASSERTIONS = NO;
				ENABLE_STRICT_OBJC_MSGSEND = YES;
				GCC_C_LANGUAGE_STANDARD = gnu99;
				GCC_WARN_64_TO_32_BIT_CONVERSION = YES;
				GCC_WARN_ABOUT_RETURN_TYPE = YES_ERROR;
				GCC_WARN_UNDECLARED_SELECTOR = YES;
				GCC_WARN_UNINITIALIZED_AUTOS = YES_AGGRESSIVE;
				GCC_WARN_UNUSED_FUNCTION = YES;
				GCC_WARN_UNUSED_VARIABLE = YES;
				IPHONEOS_DEPLOYMENT_TARGET = 8.1;
				MTL_ENABLE_DEBUG_INFO = NO;
				SDKROOT = iphoneos;
				VALIDATE_PRODUCT = YES;
			};
			name = Release;
		};
		82B3027D1A8D9A9700832E7E /* Debug */ = {
			isa = XCBuildConfiguration;
			buildSettings = {
				ASSETCATALOG_COMPILER_APPICON_NAME = AppIcon;
				INFOPLIST_FILE = tabs/Info.plist;
				LD_RUNPATH_SEARCH_PATHS = "$(inherited) @executable_path/Frameworks";
				PRODUCT_NAME = "$(TARGET_NAME)";
			};
			name = Debug;
		};
		82B3027E1A8D9A9700832E7E /* Release */ = {
			isa = XCBuildConfiguration;
			buildSettings = {
				ASSETCATALOG_COMPILER_APPICON_NAME = AppIcon;
				INFOPLIST_FILE = tabs/Info.plist;
				LD_RUNPATH_SEARCH_PATHS = "$(inherited) @executable_path/Frameworks";
				PRODUCT_NAME = "$(TARGET_NAME)";
			};
			name = Release;
		};
		82B302801A8D9A9700832E7E /* Debug */ = {
			isa = XCBuildConfiguration;
			buildSettings = {
				BUNDLE_LOADER = "$(TEST_HOST)";
				FRAMEWORK_SEARCH_PATHS = (
					"$(SDKROOT)/Developer/Library/Frameworks",
					"$(inherited)",
				);
				GCC_PREPROCESSOR_DEFINITIONS = (
					"DEBUG=1",
					"$(inherited)",
				);
				INFOPLIST_FILE = tabsTests/Info.plist;
				LD_RUNPATH_SEARCH_PATHS = "$(inherited) @executable_path/Frameworks @loader_path/Frameworks";
				PRODUCT_NAME = "$(TARGET_NAME)";
				TEST_HOST = "$(BUILT_PRODUCTS_DIR)/tabs.app/tabs";
			};
			name = Debug;
		};
		82B302811A8D9A9700832E7E /* Release */ = {
			isa = XCBuildConfiguration;
			buildSettings = {
				BUNDLE_LOADER = "$(TEST_HOST)";
				FRAMEWORK_SEARCH_PATHS = (
					"$(SDKROOT)/Developer/Library/Frameworks",
					"$(inherited)",
				);
				INFOPLIST_FILE = tabsTests/Info.plist;
				LD_RUNPATH_SEARCH_PATHS = "$(inherited) @executable_path/Frameworks @loader_path/Frameworks";
				PRODUCT_NAME = "$(TARGET_NAME)";
				TEST_HOST = "$(BUILT_PRODUCTS_DIR)/tabs.app/tabs";
			};
			name = Release;
		};
/* End XCBuildConfiguration section */

/* Begin XCConfigurationList section */
		82B302551A8D9A9700832E7E /* Build configuration list for PBXProject "tabs" */ = {
			isa = XCConfigurationList;
			buildConfigurations = (
				82B3027A1A8D9A9700832E7E /* Debug */,
				82B3027B1A8D9A9700832E7E /* Release */,
			);
			defaultConfigurationIsVisible = 0;
			defaultConfigurationName = Release;
		};
		82B3027C1A8D9A9700832E7E /* Build configuration list for PBXNativeTarget "tabs" */ = {
			isa = XCConfigurationList;
			buildConfigurations = (
				82B3027D1A8D9A9700832E7E /* Debug */,
				82B3027E1A8D9A9700832E7E /* Release */,
			);
			defaultConfigurationIsVisible = 0;
			defaultConfigurationName = Release;
		};
		82B3027F1A8D9A9700832E7E /* Build configuration list for PBXNativeTarget "tabsTests" */ = {
			isa = XCConfigurationList;
			buildConfigurations = (
				82B302801A8D9A9700832E7E /* Debug */,
				82B302811A8D9A9700832E7E /* Release */,
			);
			defaultConfigurationIsVisible = 0;
			defaultConfigurationName = Release;
		};
/* End XCConfigurationList section */

/* Begin XCVersionGroup section */
		82B302611A8D9A9700832E7E /* tabs.xcdatamodeld */ = {
			isa = XCVersionGroup;
			children = (
				82B302621A8D9A9700832E7E /* tabs.xcdatamodel */,
			);
			currentVersion = 82B302621A8D9A9700832E7E /* tabs.xcdatamodel */;
			path = tabs.xcdatamodeld;
			sourceTree = "<group>";
			versionGroupType = wrapper.xcdatamodel;
		};
/* End XCVersionGroup section */
	};
	rootObject = 82B302521A8D9A9700832E7E /* Project object */;
}
